
Microsoft Visual Studio Solution File, Format Version 10.00
# Visual Studio 2008
Project("{8BC9CEB8-8B4A-11D0-8D11-00A0C91BC942}") = "cglib", "cglib\cglib.vcproj", "{DB208478-3FD3-4D8B-86F8-8AA0460150B5}"
EndProject
Project("{8BC9CEB8-8B4A-11D0-8D11-00A0C91BC942}") = "Template", "Template\Template.vcproj", "{A24338D2-566D-4256-808F-3014736B60B6}"
	ProjectSection(ProjectDependencies) = postProject
		{DB208478-3FD3-4D8B-86F8-8AA0460150B5} = {DB208478-3FD3-4D8B-86F8-8AA0460150B5}
	EndProjectSection
EndProject
Global
	GlobalSection(SolutionConfigurationPlatforms) = preSolution
		Debug|Win32 = Debug|Win32
		Release|Win32 = Release|Win32
	EndGlobalSection
	GlobalSection(ProjectConfigurationPlatforms) = postSolution
		{DB208478-3FD3-4D8B-86F8-8AA0460150B5}.Debug|Win32.ActiveCfg = Debug|Win32
		{DB208478-3FD3-4D8B-86F8-8AA0460150B5}.Debug|Win32.Build.0 = Debug|Win32
		{DB208478-3FD3-4D8B-86F8-8AA0460150B5}.Release|Win32.ActiveCfg = Release|Win32
		{DB208478-3FD3-4D8B-86F8-8AA0460150B5}.Release|Win32.Build.0 = Release|Win32
		{A24338D2-566D-4256-808F-3014736B60B6}.Debug|Win32.ActiveCfg = Debug|Win32
		{A24338D2-566D-4256-808F-3014736B60B6}.Debug|Win32.Build.0 = Debug|Win32
		{A24338D2-566D-4256-808F-3014736B60B6}.Release|Win32.ActiveCfg = Release|Win32
		{A24338D2-566D-4256-808F-3014736B60B6}.Release|Win32.Build.0 = Release|Win32
	EndGlobalSection
	GlobalSection(SolutionProperties) = preSolution
		HideSolutionNode = FALSE
	EndGlobalSection
EndGlobal
